
Microsoft Visual Studio Solution File, Format Version 11.00
# Visual Studio 2010
# SharpDevelop 4.4
Project("{FD48973F-F585-4F70-812B-4D0503B36CE9}") = "StrInt1", "StrInt1.pyproj", "{4A676DCB-FF35-49F1-B899-27FE492DE709}"
EndProject
Global
	GlobalSection(SolutionConfigurationPlatforms) = preSolution
		Debug|Any CPU = Debug|Any CPU
		Release|Any CPU = Release|Any CPU
	EndGlobalSection
	GlobalSection(ProjectConfigurationPlatforms) = postSolution
		{4A676DCB-FF35-49F1-B899-27FE492DE709}.Debug|Any CPU.Build.0 = Debug|Any CPU
		{4A676DCB-FF35-49F1-B899-27FE492DE709}.Debug|Any CPU.ActiveCfg = Debug|Any CPU
		{4A676DCB-FF35-49F1-B899-27FE492DE709}.Release|Any CPU.Build.0 = Release|Any CPU
		{4A676DCB-FF35-49F1-B899-27FE492DE709}.Release|Any CPU.ActiveCfg = Release|Any CPU
	EndGlobalSection
EndGlobal
