
Microsoft Visual Studio Solution File, Format Version 11.00
# Visual Studio 2010
# SharpDevelop 4.4
Project("{FD48973F-F585-4F70-812B-4D0503B36CE9}") = "PG484Dorms&MealPlans", "PG484Dorms&MealPlans.pyproj", "{96D40B63-DBB5-455B-97B3-2986C13FA40F}"
EndProject
Global
	GlobalSection(SolutionConfigurationPlatforms) = preSolution
		Debug|Any CPU = Debug|Any CPU
		Release|Any CPU = Release|Any CPU
	EndGlobalSection
	GlobalSection(ProjectConfigurationPlatforms) = postSolution
		{96D40B63-DBB5-455B-97B3-2986C13FA40F}.Debug|Any CPU.Build.0 = Debug|Any CPU
		{96D40B63-DBB5-455B-97B3-2986C13FA40F}.Debug|Any CPU.ActiveCfg = Debug|Any CPU
		{96D40B63-DBB5-455B-97B3-2986C13FA40F}.Release|Any CPU.Build.0 = Release|Any CPU
		{96D40B63-DBB5-455B-97B3-2986C13FA40F}.Release|Any CPU.ActiveCfg = Release|Any CPU
	EndGlobalSection
EndGlobal
