
Microsoft Visual Studio Solution File, Format Version 11.00
# Visual Studio 2010
# SharpDevelop 4.4
Project("{FD48973F-F585-4F70-812B-4D0503B36CE9}") = "Strint4", "Strint4.pyproj", "{833E5101-44F3-4B54-B48A-BF2057252BE0}"
EndProject
Global
	GlobalSection(SolutionConfigurationPlatforms) = preSolution
		Debug|Any CPU = Debug|Any CPU
		Release|Any CPU = Release|Any CPU
	EndGlobalSection
	GlobalSection(ProjectConfigurationPlatforms) = postSolution
		{833E5101-44F3-4B54-B48A-BF2057252BE0}.Debug|Any CPU.Build.0 = Debug|Any CPU
		{833E5101-44F3-4B54-B48A-BF2057252BE0}.Debug|Any CPU.ActiveCfg = Debug|Any CPU
		{833E5101-44F3-4B54-B48A-BF2057252BE0}.Release|Any CPU.Build.0 = Release|Any CPU
		{833E5101-44F3-4B54-B48A-BF2057252BE0}.Release|Any CPU.ActiveCfg = Release|Any CPU
	EndGlobalSection
EndGlobal
