
Microsoft Visual Studio Solution File, Format Version 11.00
# Visual Studio 2010
# SharpDevelop 4.4
Project("{FD48973F-F585-4F70-812B-4D0503B36CE9}") = "Lang122bFor", "Lang122bFor.pyproj", "{21791824-636E-4515-B8C3-394CBCB6F995}"
EndProject
Global
	GlobalSection(SolutionConfigurationPlatforms) = preSolution
		Debug|Any CPU = Debug|Any CPU
		Release|Any CPU = Release|Any CPU
	EndGlobalSection
	GlobalSection(ProjectConfigurationPlatforms) = postSolution
		{21791824-636E-4515-B8C3-394CBCB6F995}.Debug|Any CPU.Build.0 = Debug|Any CPU
		{21791824-636E-4515-B8C3-394CBCB6F995}.Debug|Any CPU.ActiveCfg = Debug|Any CPU
		{21791824-636E-4515-B8C3-394CBCB6F995}.Release|Any CPU.Build.0 = Release|Any CPU
		{21791824-636E-4515-B8C3-394CBCB6F995}.Release|Any CPU.ActiveCfg = Release|Any CPU
	EndGlobalSection
EndGlobal
