
Microsoft Visual Studio Solution File, Format Version 11.00
# Visual Studio 2010
# SharpDevelop 4.4
Project("{FD48973F-F585-4F70-812B-4D0503B36CE9}") = "Pg485Skateboard", "Pg485Skateboard.pyproj", "{593794F9-FFBA-40AD-A662-53FC951AEB83}"
EndProject
Global
	GlobalSection(SolutionConfigurationPlatforms) = preSolution
		Debug|Any CPU = Debug|Any CPU
		Release|Any CPU = Release|Any CPU
	EndGlobalSection
	GlobalSection(ProjectConfigurationPlatforms) = postSolution
		{593794F9-FFBA-40AD-A662-53FC951AEB83}.Debug|Any CPU.Build.0 = Debug|Any CPU
		{593794F9-FFBA-40AD-A662-53FC951AEB83}.Debug|Any CPU.ActiveCfg = Debug|Any CPU
		{593794F9-FFBA-40AD-A662-53FC951AEB83}.Release|Any CPU.Build.0 = Release|Any CPU
		{593794F9-FFBA-40AD-A662-53FC951AEB83}.Release|Any CPU.ActiveCfg = Release|Any CPU
	EndGlobalSection
EndGlobal
