
Microsoft Visual Studio Solution File, Format Version 11.00
# Visual Studio 2010
# SharpDevelop 4.4
Project("{FD48973F-F585-4F70-812B-4D0503B36CE9}") = "Hello", "Hello.pyproj", "{40AD91E0-8C89-4EBA-974B-F55A113C878B}"
EndProject
Global
	GlobalSection(SolutionConfigurationPlatforms) = preSolution
		Debug|Any CPU = Debug|Any CPU
		Release|Any CPU = Release|Any CPU
	EndGlobalSection
	GlobalSection(ProjectConfigurationPlatforms) = postSolution
		{40AD91E0-8C89-4EBA-974B-F55A113C878B}.Debug|Any CPU.Build.0 = Debug|Any CPU
		{40AD91E0-8C89-4EBA-974B-F55A113C878B}.Debug|Any CPU.ActiveCfg = Debug|Any CPU
		{40AD91E0-8C89-4EBA-974B-F55A113C878B}.Release|Any CPU.Build.0 = Release|Any CPU
		{40AD91E0-8C89-4EBA-974B-F55A113C878B}.Release|Any CPU.ActiveCfg = Release|Any CPU
	EndGlobalSection
EndGlobal
