
Microsoft Visual Studio Solution File, Format Version 11.00
# Visual Studio 2010
# SharpDevelop 4.4
Project("{FD48973F-F585-4F70-812B-4D0503B36CE9}") = "Pg272LongDistance", "Pg272LongDistance.pyproj", "{CF6438A8-520F-4BF0-B252-1CC8DEDFFF4F}"
EndProject
Global
	GlobalSection(SolutionConfigurationPlatforms) = preSolution
		Debug|Any CPU = Debug|Any CPU
		Release|Any CPU = Release|Any CPU
	EndGlobalSection
	GlobalSection(ProjectConfigurationPlatforms) = postSolution
		{CF6438A8-520F-4BF0-B252-1CC8DEDFFF4F}.Debug|Any CPU.Build.0 = Debug|Any CPU
		{CF6438A8-520F-4BF0-B252-1CC8DEDFFF4F}.Debug|Any CPU.ActiveCfg = Debug|Any CPU
		{CF6438A8-520F-4BF0-B252-1CC8DEDFFF4F}.Release|Any CPU.Build.0 = Release|Any CPU
		{CF6438A8-520F-4BF0-B252-1CC8DEDFFF4F}.Release|Any CPU.ActiveCfg = Release|Any CPU
	EndGlobalSection
EndGlobal
