
Microsoft Visual Studio Solution File, Format Version 11.00
# Visual Studio 2010
# SharpDevelop 4.4
Project("{FD48973F-F585-4F70-812B-4D0503B36CE9}") = "Lang52a", "Lang52a.pyproj", "{AC1FDEA3-6377-435E-A92D-B4D5520A7F4C}"
EndProject
Global
	GlobalSection(SolutionConfigurationPlatforms) = preSolution
		Debug|Any CPU = Debug|Any CPU
		Release|Any CPU = Release|Any CPU
	EndGlobalSection
	GlobalSection(ProjectConfigurationPlatforms) = postSolution
		{AC1FDEA3-6377-435E-A92D-B4D5520A7F4C}.Debug|Any CPU.Build.0 = Debug|Any CPU
		{AC1FDEA3-6377-435E-A92D-B4D5520A7F4C}.Debug|Any CPU.ActiveCfg = Debug|Any CPU
		{AC1FDEA3-6377-435E-A92D-B4D5520A7F4C}.Release|Any CPU.Build.0 = Release|Any CPU
		{AC1FDEA3-6377-435E-A92D-B4D5520A7F4C}.Release|Any CPU.ActiveCfg = Release|Any CPU
	EndGlobalSection
EndGlobal
