
Microsoft Visual Studio Solution File, Format Version 11.00
# Visual Studio 2010
# SharpDevelop 4.4
Project("{FD48973F-F585-4F70-812B-4D0503B36CE9}") = "prog155", "prog155.pyproj", "{4FA70673-14A8-46C6-BA2A-36B7709C4FA5}"
EndProject
Global
	GlobalSection(SolutionConfigurationPlatforms) = preSolution
		Debug|Any CPU = Debug|Any CPU
		Release|Any CPU = Release|Any CPU
	EndGlobalSection
	GlobalSection(ProjectConfigurationPlatforms) = postSolution
		{4FA70673-14A8-46C6-BA2A-36B7709C4FA5}.Debug|Any CPU.Build.0 = Debug|Any CPU
		{4FA70673-14A8-46C6-BA2A-36B7709C4FA5}.Debug|Any CPU.ActiveCfg = Debug|Any CPU
		{4FA70673-14A8-46C6-BA2A-36B7709C4FA5}.Release|Any CPU.Build.0 = Release|Any CPU
		{4FA70673-14A8-46C6-BA2A-36B7709C4FA5}.Release|Any CPU.ActiveCfg = Release|Any CPU
	EndGlobalSection
EndGlobal
