
Microsoft Visual Studio Solution File, Format Version 11.00
# Visual Studio 2010
# SharpDevelop 4.4
Project("{FD48973F-F585-4F70-812B-4D0503B36CE9}") = "LP 32", "LP 32.pyproj", "{B03259D0-D548-4DC3-9B08-5461D231A1DA}"
EndProject
Global
	GlobalSection(SolutionConfigurationPlatforms) = preSolution
		Debug|Any CPU = Debug|Any CPU
		Release|Any CPU = Release|Any CPU
	EndGlobalSection
	GlobalSection(ProjectConfigurationPlatforms) = postSolution
		{B03259D0-D548-4DC3-9B08-5461D231A1DA}.Debug|Any CPU.Build.0 = Debug|Any CPU
		{B03259D0-D548-4DC3-9B08-5461D231A1DA}.Debug|Any CPU.ActiveCfg = Debug|Any CPU
		{B03259D0-D548-4DC3-9B08-5461D231A1DA}.Release|Any CPU.Build.0 = Release|Any CPU
		{B03259D0-D548-4DC3-9B08-5461D231A1DA}.Release|Any CPU.ActiveCfg = Release|Any CPU
	EndGlobalSection
EndGlobal
