
Microsoft Visual Studio Solution File, Format Version 11.00
# Visual Studio 2010
# SharpDevelop 4.4
Project("{FD48973F-F585-4F70-812B-4D0503B36CE9}") = "LP 32", "LP 32.pyproj", "{BCD90334-77A5-419B-B36A-2B617FD98C3C}"
EndProject
Global
	GlobalSection(SolutionConfigurationPlatforms) = preSolution
		Debug|Any CPU = Debug|Any CPU
		Release|Any CPU = Release|Any CPU
	EndGlobalSection
	GlobalSection(ProjectConfigurationPlatforms) = postSolution
		{BCD90334-77A5-419B-B36A-2B617FD98C3C}.Debug|Any CPU.Build.0 = Debug|Any CPU
		{BCD90334-77A5-419B-B36A-2B617FD98C3C}.Debug|Any CPU.ActiveCfg = Debug|Any CPU
		{BCD90334-77A5-419B-B36A-2B617FD98C3C}.Release|Any CPU.Build.0 = Release|Any CPU
		{BCD90334-77A5-419B-B36A-2B617FD98C3C}.Release|Any CPU.ActiveCfg = Release|Any CPU
	EndGlobalSection
EndGlobal
