
Microsoft Visual Studio Solution File, Format Version 11.00
# Visual Studio 2010
# SharpDevelop 4.4
Project("{FD48973F-F585-4F70-812B-4D0503B36CE9}") = "pg435TicketSales", "pg435TicketSales.pyproj", "{7A375C73-B27F-4F8F-8EDF-FBBDD2533009}"
EndProject
Global
	GlobalSection(SolutionConfigurationPlatforms) = preSolution
		Debug|Any CPU = Debug|Any CPU
		Release|Any CPU = Release|Any CPU
	EndGlobalSection
	GlobalSection(ProjectConfigurationPlatforms) = postSolution
		{7A375C73-B27F-4F8F-8EDF-FBBDD2533009}.Debug|Any CPU.Build.0 = Debug|Any CPU
		{7A375C73-B27F-4F8F-8EDF-FBBDD2533009}.Debug|Any CPU.ActiveCfg = Debug|Any CPU
		{7A375C73-B27F-4F8F-8EDF-FBBDD2533009}.Release|Any CPU.Build.0 = Release|Any CPU
		{7A375C73-B27F-4F8F-8EDF-FBBDD2533009}.Release|Any CPU.ActiveCfg = Release|Any CPU
	EndGlobalSection
EndGlobal
