
Microsoft Visual Studio Solution File, Format Version 11.00
# Visual Studio 2010
# SharpDevelop 4.4
Project("{FD48973F-F585-4F70-812B-4D0503B36CE9}") = "Lang115aWhile", "Lang115aWhile.pyproj", "{21D1BF3A-FE3F-4C24-B846-37063AB11ECE}"
EndProject
Global
	GlobalSection(SolutionConfigurationPlatforms) = preSolution
		Debug|Any CPU = Debug|Any CPU
		Release|Any CPU = Release|Any CPU
	EndGlobalSection
	GlobalSection(ProjectConfigurationPlatforms) = postSolution
		{21D1BF3A-FE3F-4C24-B846-37063AB11ECE}.Debug|Any CPU.Build.0 = Debug|Any CPU
		{21D1BF3A-FE3F-4C24-B846-37063AB11ECE}.Debug|Any CPU.ActiveCfg = Debug|Any CPU
		{21D1BF3A-FE3F-4C24-B846-37063AB11ECE}.Release|Any CPU.Build.0 = Release|Any CPU
		{21D1BF3A-FE3F-4C24-B846-37063AB11ECE}.Release|Any CPU.ActiveCfg = Release|Any CPU
	EndGlobalSection
EndGlobal
