
Microsoft Visual Studio Solution File, Format Version 11.00
# Visual Studio 2010
# SharpDevelop 4.4
Project("{FD48973F-F585-4F70-812B-4D0503B36CE9}") = "strInt2", "strInt2.pyproj", "{690A16C2-2082-4C65-B7D8-84277AEBB397}"
EndProject
Global
	GlobalSection(SolutionConfigurationPlatforms) = preSolution
		Debug|Any CPU = Debug|Any CPU
		Release|Any CPU = Release|Any CPU
	EndGlobalSection
	GlobalSection(ProjectConfigurationPlatforms) = postSolution
		{690A16C2-2082-4C65-B7D8-84277AEBB397}.Debug|Any CPU.Build.0 = Debug|Any CPU
		{690A16C2-2082-4C65-B7D8-84277AEBB397}.Debug|Any CPU.ActiveCfg = Debug|Any CPU
		{690A16C2-2082-4C65-B7D8-84277AEBB397}.Release|Any CPU.Build.0 = Release|Any CPU
		{690A16C2-2082-4C65-B7D8-84277AEBB397}.Release|Any CPU.ActiveCfg = Release|Any CPU
	EndGlobalSection
EndGlobal
