
Microsoft Visual Studio Solution File, Format Version 11.00
# Visual Studio 2010
# SharpDevelop 4.4
Project("{FD48973F-F585-4F70-812B-4D0503B36CE9}") = "LP37", "LP37.pyproj", "{609278E4-7295-4F49-B9B1-F7C173A3F54A}"
EndProject
Global
	GlobalSection(SolutionConfigurationPlatforms) = preSolution
		Debug|Any CPU = Debug|Any CPU
		Release|Any CPU = Release|Any CPU
	EndGlobalSection
	GlobalSection(ProjectConfigurationPlatforms) = postSolution
		{609278E4-7295-4F49-B9B1-F7C173A3F54A}.Debug|Any CPU.Build.0 = Debug|Any CPU
		{609278E4-7295-4F49-B9B1-F7C173A3F54A}.Debug|Any CPU.ActiveCfg = Debug|Any CPU
		{609278E4-7295-4F49-B9B1-F7C173A3F54A}.Release|Any CPU.Build.0 = Release|Any CPU
		{609278E4-7295-4F49-B9B1-F7C173A3F54A}.Release|Any CPU.ActiveCfg = Release|Any CPU
	EndGlobalSection
EndGlobal
